
Microsoft Visual Studio Solution File, Format Version 12.00
# Visual Studio Version 17
VisualStudioVersion = 17.2.32630.192
MinimumVisualStudioVersion = 10.0.40219.1
Project("{9A19103F-16F7-4668-BE54-9A1E7A4F7556}") = "L4D2ServerManager", "L4D2ServerManager\L4D2ServerManager.csproj", "{27D79412-543B-4321-B878-25432C9D54AF}"
EndProject
Project("{FAE04EC0-301F-11D3-BF4B-00C04F79EFBC}") = "L4D2ServerManager.DependencyInjection", "L4D2ServerManager.DependencyInjection\L4D2ServerManager.DependencyInjection.csproj", "{384B3B3B-D219-47DC-89A0-477BDE20E747}"
EndProject
Project("{9A19103F-16F7-4668-BE54-9A1E7A4F7556}") = "L4D2ServerManager.FunctionApp", "L4D2ServerManager.FunctionApp\L4D2ServerManager.FunctionApp.csproj", "{59145010-5CE4-4BA9-873F-1C40AE00ECDE}"
EndProject
Global
	GlobalSection(SolutionConfigurationPlatforms) = preSolution
		Debug|Any CPU = Debug|Any CPU
		Release|Any CPU = Release|Any CPU
	EndGlobalSection
	GlobalSection(ProjectConfigurationPlatforms) = postSolution
		{27D79412-543B-4321-B878-25432C9D54AF}.Debug|Any CPU.ActiveCfg = Debug|Any CPU
		{27D79412-543B-4321-B878-25432C9D54AF}.Debug|Any CPU.Build.0 = Debug|Any CPU
		{27D79412-543B-4321-B878-25432C9D54AF}.Release|Any CPU.ActiveCfg = Release|Any CPU
		{27D79412-543B-4321-B878-25432C9D54AF}.Release|Any CPU.Build.0 = Release|Any CPU
		{384B3B3B-D219-47DC-89A0-477BDE20E747}.Debug|Any CPU.ActiveCfg = Debug|Any CPU
		{384B3B3B-D219-47DC-89A0-477BDE20E747}.Debug|Any CPU.Build.0 = Debug|Any CPU
		{384B3B3B-D219-47DC-89A0-477BDE20E747}.Release|Any CPU.ActiveCfg = Release|Any CPU
		{384B3B3B-D219-47DC-89A0-477BDE20E747}.Release|Any CPU.Build.0 = Release|Any CPU
		{59145010-5CE4-4BA9-873F-1C40AE00ECDE}.Debug|Any CPU.ActiveCfg = Debug|Any CPU
		{59145010-5CE4-4BA9-873F-1C40AE00ECDE}.Debug|Any CPU.Build.0 = Debug|Any CPU
		{59145010-5CE4-4BA9-873F-1C40AE00ECDE}.Release|Any CPU.ActiveCfg = Release|Any CPU
		{59145010-5CE4-4BA9-873F-1C40AE00ECDE}.Release|Any CPU.Build.0 = Release|Any CPU
	EndGlobalSection
	GlobalSection(SolutionProperties) = preSolution
		HideSolutionNode = FALSE
	EndGlobalSection
	GlobalSection(ExtensibilityGlobals) = postSolution
		SolutionGuid = {E1834E4C-0EFA-44E6-901E-6B244401C394}
	EndGlobalSection
EndGlobal
